
Microsoft Visual Studio Solution File, Format Version 12.00
# Visual Studio Version 17
VisualStudioVersion = 17.9.34622.214
MinimumVisualStudioVersion = 10.0.40219.1
Project("{FAE04EC0-301F-11D3-BF4B-00C04F79EFBC}") = "Server", "Server\Server.csproj", "{4BFDAE40-2335-4479-A1B0-898946771316}"
EndProject
Project("{FAE04EC0-301F-11D3-BF4B-00C04F79EFBC}") = "Client", "Client\Client.csproj", "{D2B5C66D-CC5C-4632-8A1B-A3375A77B626}"
EndProject
Project("{FAE04EC0-301F-11D3-BF4B-00C04F79EFBC}") = "BaseLibrary", "BaseLibrary\BaseLibrary.csproj", "{5986D9F0-A232-4334-A919-228E4B46C0F7}"
EndProject
Project("{FAE04EC0-301F-11D3-BF4B-00C04F79EFBC}") = "ClientLibrary", "ClientLibrary\ClientLibrary.csproj", "{5033F812-0194-4FBC-8134-130B690D2B76}"
EndProject
Project("{FAE04EC0-301F-11D3-BF4B-00C04F79EFBC}") = "ServerLibrary", "ServerLibrary\ServerLibrary.csproj", "{C342B38F-EBB5-4C04-ADC4-7DE540C91CF5}"
EndProject
Global
	GlobalSection(SolutionConfigurationPlatforms) = preSolution
		Debug|Any CPU = Debug|Any CPU
		Release|Any CPU = Release|Any CPU
	EndGlobalSection
	GlobalSection(ProjectConfigurationPlatforms) = postSolution
		{4BFDAE40-2335-4479-A1B0-898946771316}.Debug|Any CPU.ActiveCfg = Debug|Any CPU
		{4BFDAE40-2335-4479-A1B0-898946771316}.Debug|Any CPU.Build.0 = Debug|Any CPU
		{4BFDAE40-2335-4479-A1B0-898946771316}.Release|Any CPU.ActiveCfg = Release|Any CPU
		{4BFDAE40-2335-4479-A1B0-898946771316}.Release|Any CPU.Build.0 = Release|Any CPU
		{D2B5C66D-CC5C-4632-8A1B-A3375A77B626}.Debug|Any CPU.ActiveCfg = Debug|Any CPU
		{D2B5C66D-CC5C-4632-8A1B-A3375A77B626}.Debug|Any CPU.Build.0 = Debug|Any CPU
		{D2B5C66D-CC5C-4632-8A1B-A3375A77B626}.Release|Any CPU.ActiveCfg = Release|Any CPU
		{D2B5C66D-CC5C-4632-8A1B-A3375A77B626}.Release|Any CPU.Build.0 = Release|Any CPU
		{5986D9F0-A232-4334-A919-228E4B46C0F7}.Debug|Any CPU.ActiveCfg = Debug|Any CPU
		{5986D9F0-A232-4334-A919-228E4B46C0F7}.Debug|Any CPU.Build.0 = Debug|Any CPU
		{5986D9F0-A232-4334-A919-228E4B46C0F7}.Release|Any CPU.ActiveCfg = Release|Any CPU
		{5986D9F0-A232-4334-A919-228E4B46C0F7}.Release|Any CPU.Build.0 = Release|Any CPU
		{5033F812-0194-4FBC-8134-130B690D2B76}.Debug|Any CPU.ActiveCfg = Debug|Any CPU
		{5033F812-0194-4FBC-8134-130B690D2B76}.Debug|Any CPU.Build.0 = Debug|Any CPU
		{5033F812-0194-4FBC-8134-130B690D2B76}.Release|Any CPU.ActiveCfg = Release|Any CPU
		{5033F812-0194-4FBC-8134-130B690D2B76}.Release|Any CPU.Build.0 = Release|Any CPU
		{C342B38F-EBB5-4C04-ADC4-7DE540C91CF5}.Debug|Any CPU.ActiveCfg = Debug|Any CPU
		{C342B38F-EBB5-4C04-ADC4-7DE540C91CF5}.Debug|Any CPU.Build.0 = Debug|Any CPU
		{C342B38F-EBB5-4C04-ADC4-7DE540C91CF5}.Release|Any CPU.ActiveCfg = Release|Any CPU
		{C342B38F-EBB5-4C04-ADC4-7DE540C91CF5}.Release|Any CPU.Build.0 = Release|Any CPU
	EndGlobalSection
	GlobalSection(SolutionProperties) = preSolution
		HideSolutionNode = FALSE
	EndGlobalSection
	GlobalSection(ExtensibilityGlobals) = postSolution
		SolutionGuid = {FC0F1DE3-D17F-40D1-8E68-6D8303397308}
	EndGlobalSection
EndGlobal
